
Microsoft Visual Studio Solution File, Format Version 12.00
# Visual Studio Version 17
VisualStudioVersion = 17.0.31903.59
MinimumVisualStudioVersion = 10.0.40219.1
Project("{2150E333-8FDC-42A3-9474-1A3956D46DE8}") = "src", "src", "{827E0CD3-B72D-47B6-A68D-7590B98EB39B}"
EndProject
Project("{FAE04EC0-301F-11D3-BF4B-00C04F79EFBC}") = "AuctionService", "src\AuctionService\AuctionService.csproj", "{5D2CF13A-A5ED-4856-8B17-576F438DDB76}"
EndProject
Project("{FAE04EC0-301F-11D3-BF4B-00C04F79EFBC}") = "SearchService", "src\SearchService\SearchService.csproj", "{3DC14A23-FAC9-4023-8F44-386DA3BDBB34}"
EndProject
Project("{FAE04EC0-301F-11D3-BF4B-00C04F79EFBC}") = "Contracts", "src\Contracts\Contracts.csproj", "{939AFDEA-A85B-460A-A783-15AE4559A154}"
EndProject
Project("{FAE04EC0-301F-11D3-BF4B-00C04F79EFBC}") = "IdentityService", "src\IdentityService\IdentityService.csproj", "{69B0EFDC-1913-426C-A20E-89FAAD35B05F}"
EndProject
Project("{FAE04EC0-301F-11D3-BF4B-00C04F79EFBC}") = "GetwayService", "src\GetwayService\GetwayService.csproj", "{6E779EF7-97FB-4001-8F5A-DC03221A1B4A}"
EndProject
Global
	GlobalSection(SolutionConfigurationPlatforms) = preSolution
		Debug|Any CPU = Debug|Any CPU
		Debug|x64 = Debug|x64
		Debug|x86 = Debug|x86
		Release|Any CPU = Release|Any CPU
		Release|x64 = Release|x64
		Release|x86 = Release|x86
	EndGlobalSection
	GlobalSection(ProjectConfigurationPlatforms) = postSolution
		{5D2CF13A-A5ED-4856-8B17-576F438DDB76}.Debug|Any CPU.ActiveCfg = Debug|Any CPU
		{5D2CF13A-A5ED-4856-8B17-576F438DDB76}.Debug|Any CPU.Build.0 = Debug|Any CPU
		{5D2CF13A-A5ED-4856-8B17-576F438DDB76}.Debug|x64.ActiveCfg = Debug|Any CPU
		{5D2CF13A-A5ED-4856-8B17-576F438DDB76}.Debug|x64.Build.0 = Debug|Any CPU
		{5D2CF13A-A5ED-4856-8B17-576F438DDB76}.Debug|x86.ActiveCfg = Debug|Any CPU
		{5D2CF13A-A5ED-4856-8B17-576F438DDB76}.Debug|x86.Build.0 = Debug|Any CPU
		{5D2CF13A-A5ED-4856-8B17-576F438DDB76}.Release|Any CPU.ActiveCfg = Release|Any CPU
		{5D2CF13A-A5ED-4856-8B17-576F438DDB76}.Release|Any CPU.Build.0 = Release|Any CPU
		{5D2CF13A-A5ED-4856-8B17-576F438DDB76}.Release|x64.ActiveCfg = Release|Any CPU
		{5D2CF13A-A5ED-4856-8B17-576F438DDB76}.Release|x64.Build.0 = Release|Any CPU
		{5D2CF13A-A5ED-4856-8B17-576F438DDB76}.Release|x86.ActiveCfg = Release|Any CPU
		{5D2CF13A-A5ED-4856-8B17-576F438DDB76}.Release|x86.Build.0 = Release|Any CPU
		{3DC14A23-FAC9-4023-8F44-386DA3BDBB34}.Debug|Any CPU.ActiveCfg = Debug|Any CPU
		{3DC14A23-FAC9-4023-8F44-386DA3BDBB34}.Debug|Any CPU.Build.0 = Debug|Any CPU
		{3DC14A23-FAC9-4023-8F44-386DA3BDBB34}.Debug|x64.ActiveCfg = Debug|Any CPU
		{3DC14A23-FAC9-4023-8F44-386DA3BDBB34}.Debug|x64.Build.0 = Debug|Any CPU
		{3DC14A23-FAC9-4023-8F44-386DA3BDBB34}.Debug|x86.ActiveCfg = Debug|Any CPU
		{3DC14A23-FAC9-4023-8F44-386DA3BDBB34}.Debug|x86.Build.0 = Debug|Any CPU
		{3DC14A23-FAC9-4023-8F44-386DA3BDBB34}.Release|Any CPU.ActiveCfg = Release|Any CPU
		{3DC14A23-FAC9-4023-8F44-386DA3BDBB34}.Release|Any CPU.Build.0 = Release|Any CPU
		{3DC14A23-FAC9-4023-8F44-386DA3BDBB34}.Release|x64.ActiveCfg = Release|Any CPU
		{3DC14A23-FAC9-4023-8F44-386DA3BDBB34}.Release|x64.Build.0 = Release|Any CPU
		{3DC14A23-FAC9-4023-8F44-386DA3BDBB34}.Release|x86.ActiveCfg = Release|Any CPU
		{3DC14A23-FAC9-4023-8F44-386DA3BDBB34}.Release|x86.Build.0 = Release|Any CPU
		{939AFDEA-A85B-460A-A783-15AE4559A154}.Debug|Any CPU.ActiveCfg = Debug|Any CPU
		{939AFDEA-A85B-460A-A783-15AE4559A154}.Debug|Any CPU.Build.0 = Debug|Any CPU
		{939AFDEA-A85B-460A-A783-15AE4559A154}.Debug|x64.ActiveCfg = Debug|Any CPU
		{939AFDEA-A85B-460A-A783-15AE4559A154}.Debug|x64.Build.0 = Debug|Any CPU
		{939AFDEA-A85B-460A-A783-15AE4559A154}.Debug|x86.ActiveCfg = Debug|Any CPU
		{939AFDEA-A85B-460A-A783-15AE4559A154}.Debug|x86.Build.0 = Debug|Any CPU
		{939AFDEA-A85B-460A-A783-15AE4559A154}.Release|Any CPU.ActiveCfg = Release|Any CPU
		{939AFDEA-A85B-460A-A783-15AE4559A154}.Release|Any CPU.Build.0 = Release|Any CPU
		{939AFDEA-A85B-460A-A783-15AE4559A154}.Release|x64.ActiveCfg = Release|Any CPU
		{939AFDEA-A85B-460A-A783-15AE4559A154}.Release|x64.Build.0 = Release|Any CPU
		{939AFDEA-A85B-460A-A783-15AE4559A154}.Release|x86.ActiveCfg = Release|Any CPU
		{939AFDEA-A85B-460A-A783-15AE4559A154}.Release|x86.Build.0 = Release|Any CPU
		{69B0EFDC-1913-426C-A20E-89FAAD35B05F}.Debug|Any CPU.ActiveCfg = Debug|Any CPU
		{69B0EFDC-1913-426C-A20E-89FAAD35B05F}.Debug|Any CPU.Build.0 = Debug|Any CPU
		{69B0EFDC-1913-426C-A20E-89FAAD35B05F}.Debug|x64.ActiveCfg = Debug|Any CPU
		{69B0EFDC-1913-426C-A20E-89FAAD35B05F}.Debug|x64.Build.0 = Debug|Any CPU
		{69B0EFDC-1913-426C-A20E-89FAAD35B05F}.Debug|x86.ActiveCfg = Debug|Any CPU
		{69B0EFDC-1913-426C-A20E-89FAAD35B05F}.Debug|x86.Build.0 = Debug|Any CPU
		{69B0EFDC-1913-426C-A20E-89FAAD35B05F}.Release|Any CPU.ActiveCfg = Release|Any CPU
		{69B0EFDC-1913-426C-A20E-89FAAD35B05F}.Release|Any CPU.Build.0 = Release|Any CPU
		{69B0EFDC-1913-426C-A20E-89FAAD35B05F}.Release|x64.ActiveCfg = Release|Any CPU
		{69B0EFDC-1913-426C-A20E-89FAAD35B05F}.Release|x64.Build.0 = Release|Any CPU
		{69B0EFDC-1913-426C-A20E-89FAAD35B05F}.Release|x86.ActiveCfg = Release|Any CPU
		{69B0EFDC-1913-426C-A20E-89FAAD35B05F}.Release|x86.Build.0 = Release|Any CPU
		{6E779EF7-97FB-4001-8F5A-DC03221A1B4A}.Debug|Any CPU.ActiveCfg = Debug|Any CPU
		{6E779EF7-97FB-4001-8F5A-DC03221A1B4A}.Debug|Any CPU.Build.0 = Debug|Any CPU
		{6E779EF7-97FB-4001-8F5A-DC03221A1B4A}.Debug|x64.ActiveCfg = Debug|Any CPU
		{6E779EF7-97FB-4001-8F5A-DC03221A1B4A}.Debug|x64.Build.0 = Debug|Any CPU
		{6E779EF7-97FB-4001-8F5A-DC03221A1B4A}.Debug|x86.ActiveCfg = Debug|Any CPU
		{6E779EF7-97FB-4001-8F5A-DC03221A1B4A}.Debug|x86.Build.0 = Debug|Any CPU
		{6E779EF7-97FB-4001-8F5A-DC03221A1B4A}.Release|Any CPU.ActiveCfg = Release|Any CPU
		{6E779EF7-97FB-4001-8F5A-DC03221A1B4A}.Release|Any CPU.Build.0 = Release|Any CPU
		{6E779EF7-97FB-4001-8F5A-DC03221A1B4A}.Release|x64.ActiveCfg = Release|Any CPU
		{6E779EF7-97FB-4001-8F5A-DC03221A1B4A}.Release|x64.Build.0 = Release|Any CPU
		{6E779EF7-97FB-4001-8F5A-DC03221A1B4A}.Release|x86.ActiveCfg = Release|Any CPU
		{6E779EF7-97FB-4001-8F5A-DC03221A1B4A}.Release|x86.Build.0 = Release|Any CPU
	EndGlobalSection
	GlobalSection(SolutionProperties) = preSolution
		HideSolutionNode = FALSE
	EndGlobalSection
	GlobalSection(NestedProjects) = preSolution
		{5D2CF13A-A5ED-4856-8B17-576F438DDB76} = {827E0CD3-B72D-47B6-A68D-7590B98EB39B}
		{3DC14A23-FAC9-4023-8F44-386DA3BDBB34} = {827E0CD3-B72D-47B6-A68D-7590B98EB39B}
		{939AFDEA-A85B-460A-A783-15AE4559A154} = {827E0CD3-B72D-47B6-A68D-7590B98EB39B}
		{69B0EFDC-1913-426C-A20E-89FAAD35B05F} = {827E0CD3-B72D-47B6-A68D-7590B98EB39B}
		{6E779EF7-97FB-4001-8F5A-DC03221A1B4A} = {827E0CD3-B72D-47B6-A68D-7590B98EB39B}
	EndGlobalSection
EndGlobal
